
Microsoft Visual Studio Solution File, Format Version 12.00
# Visual Studio 2012
Project("{FAE04EC0-301F-11D3-BF4B-00C04F79EFBC}") = "MangosTEx", "MangosTEx\MangosTEx.csproj", "{7AE4CB71-9BE2-4C7F-A8EF-C56C517516AE}"
EndProject
Project("{FAE04EC0-301F-11D3-BF4B-00C04F79EFBC}") = "MangosData", "MangosData\MangosData.csproj", "{351DE1F0-FA80-4587-811A-52568F8667F3}"
EndProject
Global
	GlobalSection(SolutionConfigurationPlatforms) = preSolution
		Debug|Any CPU = Debug|Any CPU
		Debug|Mixed Platforms = Debug|Mixed Platforms
		Debug|x86 = Debug|x86
		Release|Any CPU = Release|Any CPU
		Release|Mixed Platforms = Release|Mixed Platforms
		Release|x86 = Release|x86
	EndGlobalSection
	GlobalSection(ProjectConfigurationPlatforms) = postSolution
		{7AE4CB71-9BE2-4C7F-A8EF-C56C517516AE}.Debug|Any CPU.ActiveCfg = Debug|x86
		{7AE4CB71-9BE2-4C7F-A8EF-C56C517516AE}.Debug|Mixed Platforms.ActiveCfg = Debug|x86
		{7AE4CB71-9BE2-4C7F-A8EF-C56C517516AE}.Debug|Mixed Platforms.Build.0 = Debug|x86
		{7AE4CB71-9BE2-4C7F-A8EF-C56C517516AE}.Debug|x86.ActiveCfg = Debug|x86
		{7AE4CB71-9BE2-4C7F-A8EF-C56C517516AE}.Debug|x86.Build.0 = Debug|x86
		{7AE4CB71-9BE2-4C7F-A8EF-C56C517516AE}.Release|Any CPU.ActiveCfg = Release|x86
		{7AE4CB71-9BE2-4C7F-A8EF-C56C517516AE}.Release|Mixed Platforms.ActiveCfg = Release|x86
		{7AE4CB71-9BE2-4C7F-A8EF-C56C517516AE}.Release|Mixed Platforms.Build.0 = Release|x86
		{7AE4CB71-9BE2-4C7F-A8EF-C56C517516AE}.Release|x86.ActiveCfg = Release|x86
		{7AE4CB71-9BE2-4C7F-A8EF-C56C517516AE}.Release|x86.Build.0 = Release|x86
		{351DE1F0-FA80-4587-811A-52568F8667F3}.Debug|Any CPU.ActiveCfg = Debug|Any CPU
		{351DE1F0-FA80-4587-811A-52568F8667F3}.Debug|Any CPU.Build.0 = Debug|Any CPU
		{351DE1F0-FA80-4587-811A-52568F8667F3}.Debug|Mixed Platforms.ActiveCfg = Debug|Any CPU
		{351DE1F0-FA80-4587-811A-52568F8667F3}.Debug|Mixed Platforms.Build.0 = Debug|Any CPU
		{351DE1F0-FA80-4587-811A-52568F8667F3}.Debug|x86.ActiveCfg = Debug|Any CPU
		{351DE1F0-FA80-4587-811A-52568F8667F3}.Release|Any CPU.ActiveCfg = Release|Any CPU
		{351DE1F0-FA80-4587-811A-52568F8667F3}.Release|Any CPU.Build.0 = Release|Any CPU
		{351DE1F0-FA80-4587-811A-52568F8667F3}.Release|Mixed Platforms.ActiveCfg = Release|Any CPU
		{351DE1F0-FA80-4587-811A-52568F8667F3}.Release|Mixed Platforms.Build.0 = Release|Any CPU
		{351DE1F0-FA80-4587-811A-52568F8667F3}.Release|x86.ActiveCfg = Release|Any CPU
	EndGlobalSection
	GlobalSection(SolutionProperties) = preSolution
		HideSolutionNode = FALSE
	EndGlobalSection
EndGlobal
