
Microsoft Visual Studio Solution File, Format Version 12.00
# Visual Studio 2012
Project("{FAE04EC0-301F-11D3-BF4B-00C04F79EFBC}") = "MangosTEx", "MangosTEx\MangosTEx.csproj", "{7AE4CB71-9BE2-4C7F-A8EF-C56C517516AE}"
EndProject
Project("{FAE04EC0-301F-11D3-BF4B-00C04F79EFBC}") = "MangosData", "MangosData\MangosData.csproj", "{351DE1F0-FA80-4587-811A-52568F8667F3}"
EndProject
Project("{FAE04EC0-301F-11D3-BF4B-00C04F79EFBC}") = "WowApi", "WowApi\WowApi.csproj", "{7AA9D6A2-52E3-421B-B5ED-B7FBAE5A6A25}"
EndProject
Project("{FAE04EC0-301F-11D3-BF4B-00C04F79EFBC}") = "Framework", "Framework\Framework.csproj", "{03FF96BD-8622-47A7-B4BD-E6D1C53DF34F}"
EndProject
Project("{FAE04EC0-301F-11D3-BF4B-00C04F79EFBC}") = "WowFramework", "WowFramework\WowFramework.csproj", "{C0C49833-91BD-4FCD-BD4F-3ACD54C70232}"
EndProject
Project("{FAE04EC0-301F-11D3-BF4B-00C04F79EFBC}") = "WowheadApi", "WowheadApi\WowheadApi.csproj", "{F74F3D0D-AF9F-4CF4-A108-617A17B0F358}"
EndProject
Global
	GlobalSection(SolutionConfigurationPlatforms) = preSolution
		Debug|Any CPU = Debug|Any CPU
		Debug|Mixed Platforms = Debug|Mixed Platforms
		Debug|x86 = Debug|x86
		Release|Any CPU = Release|Any CPU
		Release|Mixed Platforms = Release|Mixed Platforms
		Release|x86 = Release|x86
	EndGlobalSection
	GlobalSection(ProjectConfigurationPlatforms) = postSolution
		{7AE4CB71-9BE2-4C7F-A8EF-C56C517516AE}.Debug|Any CPU.ActiveCfg = Debug|x86
		{7AE4CB71-9BE2-4C7F-A8EF-C56C517516AE}.Debug|Mixed Platforms.ActiveCfg = Debug|x86
		{7AE4CB71-9BE2-4C7F-A8EF-C56C517516AE}.Debug|Mixed Platforms.Build.0 = Debug|x86
		{7AE4CB71-9BE2-4C7F-A8EF-C56C517516AE}.Debug|x86.ActiveCfg = Debug|x86
		{7AE4CB71-9BE2-4C7F-A8EF-C56C517516AE}.Debug|x86.Build.0 = Debug|x86
		{7AE4CB71-9BE2-4C7F-A8EF-C56C517516AE}.Release|Any CPU.ActiveCfg = Release|x86
		{7AE4CB71-9BE2-4C7F-A8EF-C56C517516AE}.Release|Mixed Platforms.ActiveCfg = Release|x86
		{7AE4CB71-9BE2-4C7F-A8EF-C56C517516AE}.Release|Mixed Platforms.Build.0 = Release|x86
		{7AE4CB71-9BE2-4C7F-A8EF-C56C517516AE}.Release|x86.ActiveCfg = Release|x86
		{7AE4CB71-9BE2-4C7F-A8EF-C56C517516AE}.Release|x86.Build.0 = Release|x86
		{351DE1F0-FA80-4587-811A-52568F8667F3}.Debug|Any CPU.ActiveCfg = Debug|Any CPU
		{351DE1F0-FA80-4587-811A-52568F8667F3}.Debug|Any CPU.Build.0 = Debug|Any CPU
		{351DE1F0-FA80-4587-811A-52568F8667F3}.Debug|Mixed Platforms.ActiveCfg = Debug|Any CPU
		{351DE1F0-FA80-4587-811A-52568F8667F3}.Debug|Mixed Platforms.Build.0 = Debug|Any CPU
		{351DE1F0-FA80-4587-811A-52568F8667F3}.Debug|x86.ActiveCfg = Debug|Any CPU
		{351DE1F0-FA80-4587-811A-52568F8667F3}.Release|Any CPU.ActiveCfg = Release|Any CPU
		{351DE1F0-FA80-4587-811A-52568F8667F3}.Release|Any CPU.Build.0 = Release|Any CPU
		{351DE1F0-FA80-4587-811A-52568F8667F3}.Release|Mixed Platforms.ActiveCfg = Release|Any CPU
		{351DE1F0-FA80-4587-811A-52568F8667F3}.Release|Mixed Platforms.Build.0 = Release|Any CPU
		{351DE1F0-FA80-4587-811A-52568F8667F3}.Release|x86.ActiveCfg = Release|Any CPU
		{7AA9D6A2-52E3-421B-B5ED-B7FBAE5A6A25}.Debug|Any CPU.ActiveCfg = Debug|Any CPU
		{7AA9D6A2-52E3-421B-B5ED-B7FBAE5A6A25}.Debug|Any CPU.Build.0 = Debug|Any CPU
		{7AA9D6A2-52E3-421B-B5ED-B7FBAE5A6A25}.Debug|Mixed Platforms.ActiveCfg = Debug|Any CPU
		{7AA9D6A2-52E3-421B-B5ED-B7FBAE5A6A25}.Debug|Mixed Platforms.Build.0 = Debug|Any CPU
		{7AA9D6A2-52E3-421B-B5ED-B7FBAE5A6A25}.Debug|x86.ActiveCfg = Debug|Any CPU
		{7AA9D6A2-52E3-421B-B5ED-B7FBAE5A6A25}.Release|Any CPU.ActiveCfg = Release|Any CPU
		{7AA9D6A2-52E3-421B-B5ED-B7FBAE5A6A25}.Release|Any CPU.Build.0 = Release|Any CPU
		{7AA9D6A2-52E3-421B-B5ED-B7FBAE5A6A25}.Release|Mixed Platforms.ActiveCfg = Release|Any CPU
		{7AA9D6A2-52E3-421B-B5ED-B7FBAE5A6A25}.Release|Mixed Platforms.Build.0 = Release|Any CPU
		{7AA9D6A2-52E3-421B-B5ED-B7FBAE5A6A25}.Release|x86.ActiveCfg = Release|Any CPU
		{03FF96BD-8622-47A7-B4BD-E6D1C53DF34F}.Debug|Any CPU.ActiveCfg = Debug|Any CPU
		{03FF96BD-8622-47A7-B4BD-E6D1C53DF34F}.Debug|Any CPU.Build.0 = Debug|Any CPU
		{03FF96BD-8622-47A7-B4BD-E6D1C53DF34F}.Debug|Mixed Platforms.ActiveCfg = Debug|Any CPU
		{03FF96BD-8622-47A7-B4BD-E6D1C53DF34F}.Debug|Mixed Platforms.Build.0 = Debug|Any CPU
		{03FF96BD-8622-47A7-B4BD-E6D1C53DF34F}.Debug|x86.ActiveCfg = Debug|Any CPU
		{03FF96BD-8622-47A7-B4BD-E6D1C53DF34F}.Release|Any CPU.ActiveCfg = Release|Any CPU
		{03FF96BD-8622-47A7-B4BD-E6D1C53DF34F}.Release|Any CPU.Build.0 = Release|Any CPU
		{03FF96BD-8622-47A7-B4BD-E6D1C53DF34F}.Release|Mixed Platforms.ActiveCfg = Release|Any CPU
		{03FF96BD-8622-47A7-B4BD-E6D1C53DF34F}.Release|Mixed Platforms.Build.0 = Release|Any CPU
		{03FF96BD-8622-47A7-B4BD-E6D1C53DF34F}.Release|x86.ActiveCfg = Release|Any CPU
		{C0C49833-91BD-4FCD-BD4F-3ACD54C70232}.Debug|Any CPU.ActiveCfg = Debug|Any CPU
		{C0C49833-91BD-4FCD-BD4F-3ACD54C70232}.Debug|Any CPU.Build.0 = Debug|Any CPU
		{C0C49833-91BD-4FCD-BD4F-3ACD54C70232}.Debug|Mixed Platforms.ActiveCfg = Debug|Any CPU
		{C0C49833-91BD-4FCD-BD4F-3ACD54C70232}.Debug|Mixed Platforms.Build.0 = Debug|Any CPU
		{C0C49833-91BD-4FCD-BD4F-3ACD54C70232}.Debug|x86.ActiveCfg = Debug|Any CPU
		{C0C49833-91BD-4FCD-BD4F-3ACD54C70232}.Release|Any CPU.ActiveCfg = Release|Any CPU
		{C0C49833-91BD-4FCD-BD4F-3ACD54C70232}.Release|Any CPU.Build.0 = Release|Any CPU
		{C0C49833-91BD-4FCD-BD4F-3ACD54C70232}.Release|Mixed Platforms.ActiveCfg = Release|Any CPU
		{C0C49833-91BD-4FCD-BD4F-3ACD54C70232}.Release|Mixed Platforms.Build.0 = Release|Any CPU
		{C0C49833-91BD-4FCD-BD4F-3ACD54C70232}.Release|x86.ActiveCfg = Release|Any CPU
		{F74F3D0D-AF9F-4CF4-A108-617A17B0F358}.Debug|Any CPU.ActiveCfg = Debug|Any CPU
		{F74F3D0D-AF9F-4CF4-A108-617A17B0F358}.Debug|Any CPU.Build.0 = Debug|Any CPU
		{F74F3D0D-AF9F-4CF4-A108-617A17B0F358}.Debug|Mixed Platforms.ActiveCfg = Debug|Any CPU
		{F74F3D0D-AF9F-4CF4-A108-617A17B0F358}.Debug|Mixed Platforms.Build.0 = Debug|Any CPU
		{F74F3D0D-AF9F-4CF4-A108-617A17B0F358}.Debug|x86.ActiveCfg = Debug|Any CPU
		{F74F3D0D-AF9F-4CF4-A108-617A17B0F358}.Release|Any CPU.ActiveCfg = Release|Any CPU
		{F74F3D0D-AF9F-4CF4-A108-617A17B0F358}.Release|Any CPU.Build.0 = Release|Any CPU
		{F74F3D0D-AF9F-4CF4-A108-617A17B0F358}.Release|Mixed Platforms.ActiveCfg = Release|Any CPU
		{F74F3D0D-AF9F-4CF4-A108-617A17B0F358}.Release|Mixed Platforms.Build.0 = Release|Any CPU
		{F74F3D0D-AF9F-4CF4-A108-617A17B0F358}.Release|x86.ActiveCfg = Release|Any CPU
	EndGlobalSection
	GlobalSection(SolutionProperties) = preSolution
		HideSolutionNode = FALSE
	EndGlobalSection
EndGlobal
